
Microsoft Visual Studio Solution File, Format Version 12.00
# Visual Studio Version 17
VisualStudioVersion = 17.14.36212.18 d17.14
MinimumVisualStudioVersion = 10.0.40219.1
Project("{FAE04EC0-301F-11D3-BF4B-00C04F79EFBC}") = "practice_30Jun", "practice_30Jun\practice_30Jun.csproj", "{7769FCB4-9972-457D-845F-4C086A8C8003}"
EndProject
Global
	GlobalSection(SolutionConfigurationPlatforms) = preSolution
		Debug|Any CPU = Debug|Any CPU
		Release|Any CPU = Release|Any CPU
	EndGlobalSection
	GlobalSection(ProjectConfigurationPlatforms) = postSolution
		{7769FCB4-9972-457D-845F-4C086A8C8003}.Debug|Any CPU.ActiveCfg = Debug|Any CPU
		{7769FCB4-9972-457D-845F-4C086A8C8003}.Debug|Any CPU.Build.0 = Debug|Any CPU
		{7769FCB4-9972-457D-845F-4C086A8C8003}.Release|Any CPU.ActiveCfg = Release|Any CPU
		{7769FCB4-9972-457D-845F-4C086A8C8003}.Release|Any CPU.Build.0 = Release|Any CPU
	EndGlobalSection
	GlobalSection(SolutionProperties) = preSolution
		HideSolutionNode = FALSE
	EndGlobalSection
	GlobalSection(ExtensibilityGlobals) = postSolution
		SolutionGuid = {00BC046E-AB99-4AF5-B7D1-6EFA09145146}
	EndGlobalSection
EndGlobal
